// !$*UTF8*$!
{
	archiveVersion = 1;
	classes = {
	};
	objectVersion = 50;
	objects = {

/* Begin PBXBuildFile section */
		722B4008242E166C00DC42AA /* AppDelegate.swift in Sources */ = {isa = PBXBuildFile; fileRef = 722B4007242E166C00DC42AA /* AppDelegate.swift */; };
		722B400A242E166C00DC42AA /* SceneDelegate.swift in Sources */ = {isa = PBXBuildFile; fileRef = 722B4009242E166C00DC42AA /* SceneDelegate.swift */; };
		722B400C242E166C00DC42AA /* ViewController.swift in Sources */ = {isa = PBXBuildFile; fileRef = 722B400B242E166C00DC42AA /* ViewController.swift */; };
		722B400F242E166C00DC42AA /* Main.storyboard in Resources */ = {isa = PBXBuildFile; fileRef = 722B400D242E166C00DC42AA /* Main.storyboard */; };
		722B4011242E166D00DC42AA /* Assets.xcassets in Resources */ = {isa = PBXBuildFile; fileRef = 722B4010242E166D00DC42AA /* Assets.xcassets */; };
		722B4014242E166D00DC42AA /* LaunchScreen.storyboard in Resources */ = {isa = PBXBuildFile; fileRef = 722B4012242E166D00DC42AA /* LaunchScreen.storyboard */; };
		722B401E242E188500DC42AA /* NamesViewController.m in Sources */ = {isa = PBXBuildFile; fileRef = 722B401D242E188500DC42AA /* NamesViewController.m */; };
		722B4021242E1C1100DC42AA /* NumbersViewController.m in Sources */ = {isa = PBXBuildFile; fileRef = 722B4020242E1C1100DC42AA /* NumbersViewController.m */; };
		722B4024242E3CCD00DC42AA /* SegueSwizzler.swift in Sources */ = {isa = PBXBuildFile; fileRef = 722B4023242E3CCD00DC42AA /* SegueSwizzler.swift */; };
		722B4027242E861800DC42AA /* AdultViewController.swift in Sources */ = {isa = PBXBuildFile; fileRef = 722B4026242E861800DC42AA /* AdultViewController.swift */; };
		722B4029242E862100DC42AA /* TeenViewController.swift in Sources */ = {isa = PBXBuildFile; fileRef = 722B4028242E862100DC42AA /* TeenViewController.swift */; };
/* End PBXBuildFile section */

/* Begin PBXFileReference section */
		722B4004242E166C00DC42AA /* ObjCLearning.app */ = {isa = PBXFileReference; explicitFileType = wrapper.application; includeInIndex = 0; path = ObjCLearning.app; sourceTree = BUILT_PRODUCTS_DIR; };
		722B4007242E166C00DC42AA /* AppDelegate.swift */ = {isa = PBXFileReference; lastKnownFileType = sourcecode.swift; path = AppDelegate.swift; sourceTree = "<group>"; };
		722B4009242E166C00DC42AA /* SceneDelegate.swift */ = {isa = PBXFileReference; lastKnownFileType = sourcecode.swift; path = SceneDelegate.swift; sourceTree = "<group>"; };
		722B400B242E166C00DC42AA /* ViewController.swift */ = {isa = PBXFileReference; lastKnownFileType = sourcecode.swift; path = ViewController.swift; sourceTree = "<group>"; };
		722B400E242E166C00DC42AA /* Base */ = {isa = PBXFileReference; lastKnownFileType = file.storyboard; name = Base; path = Base.lproj/Main.storyboard; sourceTree = "<group>"; };
		722B4010242E166D00DC42AA /* Assets.xcassets */ = {isa = PBXFileReference; lastKnownFileType = folder.assetcatalog; path = Assets.xcassets; sourceTree = "<group>"; };
		722B4013242E166D00DC42AA /* Base */ = {isa = PBXFileReference; lastKnownFileType = file.storyboard; name = Base; path = Base.lproj/LaunchScreen.storyboard; sourceTree = "<group>"; };
		722B4015242E166D00DC42AA /* Info.plist */ = {isa = PBXFileReference; lastKnownFileType = text.plist.xml; path = Info.plist; sourceTree = "<group>"; };
		722B401B242E188500DC42AA /* ObjCLearning-Bridging-Header.h */ = {isa = PBXFileReference; lastKnownFileType = sourcecode.c.h; path = "ObjCLearning-Bridging-Header.h"; sourceTree = "<group>"; };
		722B401C242E188500DC42AA /* NamesViewController.h */ = {isa = PBXFileReference; lastKnownFileType = sourcecode.c.h; path = NamesViewController.h; sourceTree = "<group>"; };
		722B401D242E188500DC42AA /* NamesViewController.m */ = {isa = PBXFileReference; lastKnownFileType = sourcecode.c.objc; path = NamesViewController.m; sourceTree = "<group>"; };
		722B401F242E1C1100DC42AA /* NumbersViewController.h */ = {isa = PBXFileReference; lastKnownFileType = sourcecode.c.h; path = NumbersViewController.h; sourceTree = "<group>"; };
		722B4020242E1C1100DC42AA /* NumbersViewController.m */ = {isa = PBXFileReference; lastKnownFileType = sourcecode.c.objc; path = NumbersViewController.m; sourceTree = "<group>"; };
		722B4023242E3CCD00DC42AA /* SegueSwizzler.swift */ = {isa = PBXFileReference; fileEncoding = 4; lastKnownFileType = sourcecode.swift; path = SegueSwizzler.swift; sourceTree = "<group>"; };
		722B4026242E861800DC42AA /* AdultViewController.swift */ = {isa = PBXFileReference; lastKnownFileType = sourcecode.swift; path = AdultViewController.swift; sourceTree = "<group>"; };
		722B4028242E862100DC42AA /* TeenViewController.swift */ = {isa = PBXFileReference; lastKnownFileType = sourcecode.swift; path = TeenViewController.swift; sourceTree = "<group>"; };
/* End PBXFileReference section */

/* Begin PBXFrameworksBuildPhase section */
		722B4001242E166C00DC42AA /* Frameworks */ = {
			isa = PBXFrameworksBuildPhase;
			buildActionMask = 2147483647;
			files = (
			);
			runOnlyForDeploymentPostprocessing = 0;
		};
/* End PBXFrameworksBuildPhase section */

/* Begin PBXGroup section */
		722B3FFB242E166C00DC42AA = {
			isa = PBXGroup;
			children = (
				722B4006242E166C00DC42AA /* ObjCLearning */,
				722B4005242E166C00DC42AA /* Products */,
			);
			sourceTree = "<group>";
		};
		722B4005242E166C00DC42AA /* Products */ = {
			isa = PBXGroup;
			children = (
				722B4004242E166C00DC42AA /* ObjCLearning.app */,
			);
			name = Products;
			sourceTree = "<group>";
		};
		722B4006242E166C00DC42AA /* ObjCLearning */ = {
			isa = PBXGroup;
			children = (
				722B4025242E85FF00DC42AA /* SegueSwizzler */,
				722B4022242E377000DC42AA /* ObjC */,
				722B4007242E166C00DC42AA /* AppDelegate.swift */,
				722B4009242E166C00DC42AA /* SceneDelegate.swift */,
				722B400D242E166C00DC42AA /* Main.storyboard */,
				722B4010242E166D00DC42AA /* Assets.xcassets */,
				722B4012242E166D00DC42AA /* LaunchScreen.storyboard */,
				722B4015242E166D00DC42AA /* Info.plist */,
				722B401B242E188500DC42AA /* ObjCLearning-Bridging-Header.h */,
			);
			path = ObjCLearning;
			sourceTree = "<group>";
		};
		722B4022242E377000DC42AA /* ObjC */ = {
			isa = PBXGroup;
			children = (
				722B401C242E188500DC42AA /* NamesViewController.h */,
				722B401D242E188500DC42AA /* NamesViewController.m */,
				722B401F242E1C1100DC42AA /* NumbersViewController.h */,
				722B4020242E1C1100DC42AA /* NumbersViewController.m */,
			);
			path = ObjC;
			sourceTree = "<group>";
		};
		722B4025242E85FF00DC42AA /* SegueSwizzler */ = {
			isa = PBXGroup;
			children = (
				722B400B242E166C00DC42AA /* ViewController.swift */,
				722B4026242E861800DC42AA /* AdultViewController.swift */,
				722B4028242E862100DC42AA /* TeenViewController.swift */,
				722B4023242E3CCD00DC42AA /* SegueSwizzler.swift */,
			);
			path = SegueSwizzler;
			sourceTree = "<group>";
		};
/* End PBXGroup section */

/* Begin PBXNativeTarget section */
		722B4003242E166C00DC42AA /* ObjCLearning */ = {
			isa = PBXNativeTarget;
			buildConfigurationList = 722B4018242E166D00DC42AA /* Build configuration list for PBXNativeTarget "ObjCLearning" */;
			buildPhases = (
				722B4000242E166C00DC42AA /* Sources */,
				722B4001242E166C00DC42AA /* Frameworks */,
				722B4002242E166C00DC42AA /* Resources */,
			);
			buildRules = (
			);
			dependencies = (
			);
			name = ObjCLearning;
			productName = ObjCLearning;
			productReference = 722B4004242E166C00DC42AA /* ObjCLearning.app */;
			productType = "com.apple.product-type.application";
		};
/* End PBXNativeTarget section */

/* Begin PBXProject section */
		722B3FFC242E166C00DC42AA /* Project object */ = {
			isa = PBXProject;
			attributes = {
				LastSwiftUpdateCheck = 1140;
				LastUpgradeCheck = 1140;
				ORGANIZATIONNAME = "Никита Гундорин";
				TargetAttributes = {
					722B4003242E166C00DC42AA = {
						CreatedOnToolsVersion = 11.4;
						LastSwiftMigration = 1140;
					};
				};
			};
			buildConfigurationList = 722B3FFF242E166C00DC42AA /* Build configuration list for PBXProject "ObjCLearning" */;
			compatibilityVersion = "Xcode 9.3";
			developmentRegion = en;
			hasScannedForEncodings = 0;
			knownRegions = (
				en,
				Base,
			);
			mainGroup = 722B3FFB242E166C00DC42AA;
			productRefGroup = 722B4005242E166C00DC42AA /* Products */;
			projectDirPath = "";
			projectRoot = "";
			targets = (
				722B4003242E166C00DC42AA /* ObjCLearning */,
			);
		};
/* End PBXProject section */

/* Begin PBXResourcesBuildPhase section */
		722B4002242E166C00DC42AA /* Resources */ = {
			isa = PBXResourcesBuildPhase;
			buildActionMask = 2147483647;
			files = (
				722B4014242E166D00DC42AA /* LaunchScreen.storyboard in Resources */,
				722B4011242E166D00DC42AA /* Assets.xcassets in Resources */,
				722B400F242E166C00DC42AA /* Main.storyboard in Resources */,
			);
			runOnlyForDeploymentPostprocessing = 0;
		};
/* End PBXResourcesBuildPhase section */

/* Begin PBXSourcesBuildPhase section */
		722B4000242E166C00DC42AA /* Sources */ = {
			isa = PBXSourcesBuildPhase;
			buildActionMask = 2147483647;
			files = (
				722B400C242E166C00DC42AA /* ViewController.swift in Sources */,
				722B4024242E3CCD00DC42AA /* SegueSwizzler.swift in Sources */,
				722B4008242E166C00DC42AA /* AppDelegate.swift in Sources */,
				722B400A242E166C00DC42AA /* SceneDelegate.swift in Sources */,
				722B4021242E1C1100DC42AA /* NumbersViewController.m in Sources */,
				722B401E242E188500DC42AA /* NamesViewController.m in Sources */,
				722B4029242E862100DC42AA /* TeenViewController.swift in Sources */,
				722B4027242E861800DC42AA /* AdultViewController.swift in Sources */,
			);
			runOnlyForDeploymentPostprocessing = 0;
		};
/* End PBXSourcesBuildPhase section */

/* Begin PBXVariantGroup section */
		722B400D242E166C00DC42AA /* Main.storyboard */ = {
			isa = PBXVariantGroup;
			children = (
				722B400E242E166C00DC42AA /* Base */,
			);
			name = Main.storyboard;
			sourceTree = "<group>";
		};
		722B4012242E166D00DC42AA /* LaunchScreen.storyboard */ = {
			isa = PBXVariantGroup;
			children = (
				722B4013242E166D00DC42AA /* Base */,
			);
			name = LaunchScreen.storyboard;
			sourceTree = "<group>";
		};
/* End PBXVariantGroup section */

/* Begin XCBuildConfiguration section */
		722B4016242E166D00DC42AA /* Debug */ = {
			isa = XCBuildConfiguration;
			buildSettings = {
				ALWAYS_SEARCH_USER_PATHS = NO;
				CLANG_ANALYZER_NONNULL = YES;
				CLANG_ANALYZER_NUMBER_OBJECT_CONVERSION = YES_AGGRESSIVE;
				CLANG_CXX_LANGUAGE_STANDARD = "gnu++14";
				CLANG_CXX_LIBRARY = "libc++";
				CLANG_ENABLE_MODULES = YES;
				CLANG_ENABLE_OBJC_ARC = YES;
				CLANG_ENABLE_OBJC_WEAK = YES;
				CLANG_WARN_BLOCK_CAPTURE_AUTORELEASING = YES;
				CLANG_WARN_BOOL_CONVERSION = YES;
				CLANG_WARN_COMMA = YES;
				CLANG_WARN_CONSTANT_CONVERSION = YES;
				CLANG_WARN_DEPRECATED_OBJC_IMPLEMENTATIONS = YES;
				CLANG_WARN_DIRECT_OBJC_ISA_USAGE = YES_ERROR;
				CLANG_WARN_DOCUMENTATION_COMMENTS = YES;
				CLANG_WARN_EMPTY_BODY = YES;
				CLANG_WARN_ENUM_CONVERSION = YES;
				CLANG_WARN_INFINITE_RECURSION = YES;
				CLANG_WARN_INT_CONVERSION = YES;
				CLANG_WARN_NON_LITERAL_NULL_CONVERSION = YES;
				CLANG_WARN_OBJC_IMPLICIT_RETAIN_SELF = YES;
				CLANG_WARN_OBJC_LITERAL_CONVERSION = YES;
				CLANG_WARN_OBJC_ROOT_CLASS = YES_ERROR;
				CLANG_WARN_RANGE_LOOP_ANALYSIS = YES;
				CLANG_WARN_STRICT_PROTOTYPES = YES;
				CLANG_WARN_SUSPICIOUS_MOVE = YES;
				CLANG_WARN_UNGUARDED_AVAILABILITY = YES_AGGRESSIVE;
				CLANG_WARN_UNREACHABLE_CODE = YES;
				CLANG_WARN__DUPLICATE_METHOD_MATCH = YES;
				COPY_PHASE_STRIP = NO;
				DEBUG_INFORMATION_FORMAT = dwarf;
				ENABLE_STRICT_OBJC_MSGSEND = YES;
				ENABLE_TESTABILITY = YES;
				GCC_C_LANGUAGE_STANDARD = gnu11;
				GCC_DYNAMIC_NO_PIC = NO;
				GCC_NO_COMMON_BLOCKS = YES;
				GCC_OPTIMIZATION_LEVEL = 0;
				GCC_PREPROCESSOR_DEFINITIONS = (
					"DEBUG=1",
					"$(inherited)",
				);
				GCC_WARN_64_TO_32_BIT_CONVERSION = YES;
				GCC_WARN_ABOUT_RETURN_TYPE = YES_ERROR;
				GCC_WARN_UNDECLARED_SELECTOR = YES;
				GCC_WARN_UNINITIALIZED_AUTOS = YES_AGGRESSIVE;
				GCC_WARN_UNUSED_FUNCTION = YES;
				GCC_WARN_UNUSED_VARIABLE = YES;
				IPHONEOS_DEPLOYMENT_TARGET = 13.4;
				MTL_ENABLE_DEBUG_INFO = INCLUDE_SOURCE;
				MTL_FAST_MATH = YES;
				ONLY_ACTIVE_ARCH = YES;
				SDKROOT = iphoneos;
				SWIFT_ACTIVE_COMPILATION_CONDITIONS = DEBUG;
				SWIFT_OPTIMIZATION_LEVEL = "-Onone";
			};
			name = Debug;
		};
		722B4017242E166D00DC42AA /* Release */ = {
			isa = XCBuildConfiguration;
			buildSettings = {
				ALWAYS_SEARCH_USER_PATHS = NO;
				CLANG_ANALYZER_NONNULL = YES;
				CLANG_ANALYZER_NUMBER_OBJECT_CONVERSION = YES_AGGRESSIVE;
				CLANG_CXX_LANGUAGE_STANDARD = "gnu++14";
				CLANG_CXX_LIBRARY = "libc++";
				CLANG_ENABLE_MODULES = YES;
				CLANG_ENABLE_OBJC_ARC = YES;
				CLANG_ENABLE_OBJC_WEAK = YES;
				CLANG_WARN_BLOCK_CAPTURE_AUTORELEASING = YES;
				CLANG_WARN_BOOL_CONVERSION = YES;
				CLANG_WARN_COMMA = YES;
				CLANG_WARN_CONSTANT_CONVERSION = YES;
				CLANG_WARN_DEPRECATED_OBJC_IMPLEMENTATIONS = YES;
				CLANG_WARN_DIRECT_OBJC_ISA_USAGE = YES_ERROR;
				CLANG_WARN_DOCUMENTATION_COMMENTS = YES;
				CLANG_WARN_EMPTY_BODY = YES;
				CLANG_WARN_ENUM_CONVERSION = YES;
				CLANG_WARN_INFINITE_RECURSION = YES;
				CLANG_WARN_INT_CONVERSION = YES;
				CLANG_WARN_NON_LITERAL_NULL_CONVERSION = YES;
				CLANG_WARN_OBJC_IMPLICIT_RETAIN_SELF = YES;
				CLANG_WARN_OBJC_LITERAL_CONVERSION = YES;
				CLANG_WARN_OBJC_ROOT_CLASS = YES_ERROR;
				CLANG_WARN_RANGE_LOOP_ANALYSIS = YES;
				CLANG_WARN_STRICT_PROTOTYPES = YES;
				CLANG_WARN_SUSPICIOUS_MOVE = YES;
				CLANG_WARN_UNGUARDED_AVAILABILITY = YES_AGGRESSIVE;
				CLANG_WARN_UNREACHABLE_CODE = YES;
				CLANG_WARN__DUPLICATE_METHOD_MATCH = YES;
				COPY_PHASE_STRIP = NO;
				DEBUG_INFORMATION_FORMAT = "dwarf-with-dsym";
				ENABLE_NS_ASSERTIONS = NO;
				ENABLE_STRICT_OBJC_MSGSEND = YES;
				GCC_C_LANGUAGE_STANDARD = gnu11;
				GCC_NO_COMMON_BLOCKS = YES;
				GCC_WARN_64_TO_32_BIT_CONVERSION = YES;
				GCC_WARN_ABOUT_RETURN_TYPE = YES_ERROR;
				GCC_WARN_UNDECLARED_SELECTOR = YES;
				GCC_WARN_UNINITIALIZED_AUTOS = YES_AGGRESSIVE;
				GCC_WARN_UNUSED_FUNCTION = YES;
				GCC_WARN_UNUSED_VARIABLE = YES;
				IPHONEOS_DEPLOYMENT_TARGET = 13.4;
				MTL_ENABLE_DEBUG_INFO = NO;
				MTL_FAST_MATH = YES;
				SDKROOT = iphoneos;
				SWIFT_COMPILATION_MODE = wholemodule;
				SWIFT_OPTIMIZATION_LEVEL = "-O";
				VALIDATE_PRODUCT = YES;
			};
			name = Release;
		};
		722B4019242E166D00DC42AA /* Debug */ = {
			isa = XCBuildConfiguration;
			buildSettings = {
				ASSETCATALOG_COMPILER_APPICON_NAME = AppIcon;
				CLANG_ENABLE_MODULES = YES;
				CODE_SIGN_STYLE = Automatic;
				INFOPLIST_FILE = ObjCLearning/Info.plist;
				LD_RUNPATH_SEARCH_PATHS = (
					"$(inherited)",
					"@executable_path/Frameworks",
				);
				PRODUCT_BUNDLE_IDENTIFIER = nikitagundorin.ObjCLearning;
				PRODUCT_NAME = "$(TARGET_NAME)";
				SWIFT_OBJC_BRIDGING_HEADER = "ObjCLearning/ObjCLearning-Bridging-Header.h";
				SWIFT_OPTIMIZATION_LEVEL = "-Onone";
				SWIFT_VERSION = 5.0;
				TARGETED_DEVICE_FAMILY = "1,2";
			};
			name = Debug;
		};
		722B401A242E166D00DC42AA /* Release */ = {
			isa = XCBuildConfiguration;
			buildSettings = {
				ASSETCATALOG_COMPILER_APPICON_NAME = AppIcon;
				CLANG_ENABLE_MODULES = YES;
				CODE_SIGN_STYLE = Automatic;
				INFOPLIST_FILE = ObjCLearning/Info.plist;
				LD_RUNPATH_SEARCH_PATHS = (
					"$(inherited)",
					"@executable_path/Frameworks",
				);
				PRODUCT_BUNDLE_IDENTIFIER = nikitagundorin.ObjCLearning;
				PRODUCT_NAME = "$(TARGET_NAME)";
				SWIFT_OBJC_BRIDGING_HEADER = "ObjCLearning/ObjCLearning-Bridging-Header.h";
				SWIFT_VERSION = 5.0;
				TARGETED_DEVICE_FAMILY = "1,2";
			};
			name = Release;
		};
/* End XCBuildConfiguration section */

/* Begin XCConfigurationList section */
		722B3FFF242E166C00DC42AA /* Build configuration list for PBXProject "ObjCLearning" */ = {
			isa = XCConfigurationList;
			buildConfigurations = (
				722B4016242E166D00DC42AA /* Debug */,
				722B4017242E166D00DC42AA /* Release */,
			);
			defaultConfigurationIsVisible = 0;
			defaultConfigurationName = Release;
		};
		722B4018242E166D00DC42AA /* Build configuration list for PBXNativeTarget "ObjCLearning" */ = {
			isa = XCConfigurationList;
			buildConfigurations = (
				722B4019242E166D00DC42AA /* Debug */,
				722B401A242E166D00DC42AA /* Release */,
			);
			defaultConfigurationIsVisible = 0;
			defaultConfigurationName = Release;
		};
/* End XCConfigurationList section */
	};
	rootObject = 722B3FFC242E166C00DC42AA /* Project object */;
}
